PackratFormat: 1.4
PackratVersion: 0.4.7.1
RVersion: 3.3.1
Repos: CRAN=https://cran.rstudio.com/,
    CRANextra=http://www.stats.ox.ac.uk/pub/RWin

Package: R6
Source: CRAN
Version: 2.1.2
Hash: c515e41c73294952cbb33ee1c1be5a2d

Package: RCurl
Source: CRAN
Version: 1.95-4.8
Hash: 79c7d5a8684e44e0e3426d3093aa7d90
Requires: bitops

Package: Rcpp
Source: CRAN
Version: 0.12.5
Hash: 625a95cb4ef523a77ad02e140b715db6

Package: bitops
Source: CRAN
Version: 1.0-6
Hash: 67d0775189fd0041d95abca618c5c07e

Package: caTools
Source: CRAN
Version: 1.17.1
Hash: 97cb6f6293cd18d17df77a6383cc6763
Requires: bitops

Package: curl
Source: CRAN
Version: 0.9.7
Hash: 8a3eaed84ed6a9a188efdeddb231c5de

Package: devtools
Source: CRAN
Version: 1.11.1
Hash: 4c6aa014d917044bf376a363c3c8ee1a
Requires: digest, git2r, httr, jsonlite, memoise, rstudioapi, whisker,
    withr

Package: digest
Source: CRAN
Version: 0.6.9
Hash: fd55d5a024f160fc001a5ece1e27782d

Package: evaluate
Source: CRAN
Version: 0.9
Hash: cf338d73ba4ee3a4fefec612cdfd38db
Requires: stringr

Package: formatR
Source: CRAN
Version: 1.4
Hash: b2a47a2b91737978cf50ba95825a9cd1

Package: git2r
Source: CRAN
Version: 0.15.0
Hash: 92d5a9f3cba5e146b92a76dabbc29fbb

Package: highr
Source: CRAN
Version: 0.6
Hash: aa3d5b7912b5fed4b546ed5cd2a1760b

Package: htmltools
Source: CRAN
Version: 0.3.5
Hash: 645c10ce7e6c8dbbedb358a829c41848
Requires: Rcpp, digest

Package: httr
Source: CRAN
Version: 1.2.0
Hash: cd5c30acde81117f6b9da436dffeaedf
Requires: R6, curl, jsonlite, mime, openssl

Package: jsonlite
Source: CRAN
Version: 0.9.22
Hash: a465329f66afd33012e1aedfe5ba2e20

Package: knitr
Source: CRAN
Version: 1.13
Hash: 8d686cbee88c93b735281a22b2ca59dd
Requires: digest, formatR, highr, yaml, markdown, stringr, evaluate

Package: magrittr
Source: CRAN
Version: 1.5
Hash: bdc4d48c3135e8f3b399536ddf160df4

Package: markdown
Source: CRAN
Version: 0.7.7
Hash: fea2343a1119d61b0cc5c0a950d103a3
Requires: mime

Package: memoise
Source: CRAN
Version: 1.0.0
Hash: 56e7087c3559eb7ba72a9afb349bf896
Requires: digest

Package: mime
Source: CRAN
Version: 0.4
Hash: b08c52dae92a0a11e64a4deea032ec33

Package: openssl
Source: CRAN
Version: 0.9.4
Hash: 5ceb5d83bba44e8e5a764ac6ad32e9fb

Package: packrat
Source: CRAN
Version: 0.4.7-1
Hash: 16ca16d36eb18d1d16113606ecc5c400

Package: rJava
Source: CRAN
Version: 0.9-8
Hash: 3e8627a2a5bd45c9bad6112acfc231d9

Package: rmarkdown
Source: CRAN
Version: 0.9.6
Hash: c60250bb3dd9107d6d3ecf626e86d8a6
Requires: yaml, caTools, htmltools, knitr

Package: rrdf
Source: github
Version: 2.1.2
Hash: 86134715fcf47701c931c9e2ca448d0a
Requires: rJava, rrdflibs
GithubRepo: rrdf
GithubUsername: egonw
GithubRef: master
GithubSha1: 24c2250ae2ca26f813c747320a2ddf5d5b2be282

Package: rrdfancillary
Source: source
Version: 0.2.5
Hash: 9612232daa1c6ab1e6d989f6854c28c1
Requires: rJava, rrdf
SourcePath: ../../rrdfqbcrnd0/rrdfancillary

Package: rrdfcdisc
Source: source
Version: 0.2.5
Hash: 4d9efd9f45dcb92a0c45466a00a90ab7
Requires: rrdfancillary, RCurl, devtools, rrdf
SourcePath: ../../rrdfqbcrnd0/rrdfcdisc

Package: rrdflibs
Source: github
Version: 1.4.0
Hash: f5575077c270dae313d7fd1ac2d2c508
Requires: rJava
GithubRepo: rrdf
GithubUsername: egonw
GithubRef: master
GithubSha1: 24c2250ae2ca26f813c747320a2ddf5d5b2be282

Package: rrdfqb
Source: source
Version: 0.2.5
Hash: 77331fbf29cce7d1eb537df197b69997
Requires: rrdfancillary, RCurl, rJava, rrdf, xlsx
SourcePath: ../../rrdfqbcrnd0/rrdfqb

Package: rrdfqbcrnd0
Source: source
Version: 0.2.5
Hash: cde40d6a8af82c87a23adef17a6fde1d
Requires: rrdfancillary, rrdfcdisc, rrdfqb, RCurl, rJava, rrdf, xlsx
SourcePath: ../../rrdfqbcrnd0/rrdfqbcrnd0

Package: rrdfqbcrndcheck
Source: source
Version: 0.2.5
Hash: 092bfa26ee850249505e992e72f23402
Requires: rrdfqbcrnd0, rrdfqbcrndex, RCurl, rJava, rrdf, xlsx
SourcePath: ../../rrdfqbcrnd0/rrdfqbcrndcheck

Package: rrdfqbcrndex
Source: source
Version: 0.2.5
Hash: ff4308efca583766226ecdbb74db3dfc
Requires: rrdfancillary, rrdfcdisc, rrdfqb, rrdfqbcrnd0, RCurl, rJava,
    rrdf, xlsx
SourcePath: ../../rrdfqbcrnd0/rrdfqbcrndex

Package: rrdfqbpresent
Source: source
Version: 0.2.5
Hash: 39d3bddb00e9188568910158ad87d9cd
Requires: rrdfancillary, rrdfcdisc, rrdfqb, rrdfqbcrnd0, rrdfqbcrndex,
    RCurl, rJava, rrdf, xlsx
SourcePath: ../../rrdfqbcrnd0/rrdfqbpresent

Package: rstudioapi
Source: CRAN
Version: 0.5
Hash: f942db72a8f51e968b061f28058e2c57

Package: stringi
Source: CRAN
Version: 1.1.1
Hash: 48f2afc5dfecb65ba32a87d38b3533ff

Package: stringr
Source: CRAN
Version: 1.0.0
Hash: 2676dd5f88890910962b733b0f9540e1
Requires: magrittr, stringi

Package: whisker
Source: CRAN
Version: 0.3-2
Hash: 803d662762e532705c2c066a82d066e7

Package: withr
Source: CRAN
Version: 1.0.1
Hash: e3d37838719e5d66652364e2aefebcee

Package: xlsx
Source: CRAN
Version: 0.5.7
Hash: 6acda2cf5190bf93d0b24c5a40b564cf
Requires: rJava, xlsxjars

Package: xlsxjars
Source: CRAN
Version: 0.6.1
Hash: 3902149dad80bcb14fcd88d8c7fd7f3b
Requires: rJava

Package: yaml
Source: CRAN
Version: 2.1.13
Hash: 4854ccabebc225e8a7309fb4a74980de
